
Microsoft Visual Studio Solution File, Format Version 12.00
# Visual Studio 14
VisualStudioVersion = 14.0.25420.1
MinimumVisualStudioVersion = 10.0.40219.1
Project("{FAE04EC0-301F-11D3-BF4B-00C04F79EFBC}") = "Lab7_Advanced_Command", "Lab7_Advanced_Command\Lab7_Advanced_Command.csproj", "{5FE057DE-0D7F-4D3A-929F-C9B4D45CA3C6}"
EndProject
Project("{FAE04EC0-301F-11D3-BF4B-00C04F79EFBC}") = "Lab7_Restaurant_Bonus", "Lab7_Restaurant_Bonus\Lab7_Restaurant_Bonus.csproj", "{28BBAF44-69A4-4ED2-9F09-8A350FDDB21D}"
EndProject
Global
	GlobalSection(SolutionConfigurationPlatforms) = preSolution
		Debug|Any CPU = Debug|Any CPU
		Release|Any CPU = Release|Any CPU
	EndGlobalSection
	GlobalSection(ProjectConfigurationPlatforms) = postSolution
		{5FE057DE-0D7F-4D3A-929F-C9B4D45CA3C6}.Debug|Any CPU.ActiveCfg = Debug|Any CPU
		{5FE057DE-0D7F-4D3A-929F-C9B4D45CA3C6}.Debug|Any CPU.Build.0 = Debug|Any CPU
		{5FE057DE-0D7F-4D3A-929F-C9B4D45CA3C6}.Release|Any CPU.ActiveCfg = Release|Any CPU
		{5FE057DE-0D7F-4D3A-929F-C9B4D45CA3C6}.Release|Any CPU.Build.0 = Release|Any CPU
		{28BBAF44-69A4-4ED2-9F09-8A350FDDB21D}.Debug|Any CPU.ActiveCfg = Debug|Any CPU
		{28BBAF44-69A4-4ED2-9F09-8A350FDDB21D}.Debug|Any CPU.Build.0 = Debug|Any CPU
		{28BBAF44-69A4-4ED2-9F09-8A350FDDB21D}.Release|Any CPU.ActiveCfg = Release|Any CPU
		{28BBAF44-69A4-4ED2-9F09-8A350FDDB21D}.Release|Any CPU.Build.0 = Release|Any CPU
	EndGlobalSection
	GlobalSection(SolutionProperties) = preSolution
		HideSolutionNode = FALSE
	EndGlobalSection
EndGlobal
